
Microsoft Visual Studio Solution File, Format Version 12.00
# Visual Studio Version 17
VisualStudioVersion = 17.0.31903.59
MinimumVisualStudioVersion = 10.0.40219.1
Project("{2150E333-8FDC-42A3-9474-1A3956D46DE8}") = "Test", "Test", "{DF797649-A5BB-451F-8DD1-ACFBCB4D90AB}"
EndProject
Project("{FAE04EC0-301F-11D3-BF4B-00C04F79EFBC}") = "Test.Specflow", "Test\Specflow\Test.Specflow.csproj", "{7F3866E8-9D81-49EF-8AA2-360139A1657A}"
EndProject
Global
	GlobalSection(SolutionConfigurationPlatforms) = preSolution
		Debug|Any CPU = Debug|Any CPU
		Release|Any CPU = Release|Any CPU
	EndGlobalSection
	GlobalSection(SolutionProperties) = preSolution
		HideSolutionNode = FALSE
	EndGlobalSection
	GlobalSection(ProjectConfigurationPlatforms) = postSolution
		{7F3866E8-9D81-49EF-8AA2-360139A1657A}.Debug|Any CPU.ActiveCfg = Debug|Any CPU
		{7F3866E8-9D81-49EF-8AA2-360139A1657A}.Debug|Any CPU.Build.0 = Debug|Any CPU
		{7F3866E8-9D81-49EF-8AA2-360139A1657A}.Release|Any CPU.ActiveCfg = Release|Any CPU
		{7F3866E8-9D81-49EF-8AA2-360139A1657A}.Release|Any CPU.Build.0 = Release|Any CPU
	EndGlobalSection
	GlobalSection(NestedProjects) = preSolution
		{7F3866E8-9D81-49EF-8AA2-360139A1657A} = {DF797649-A5BB-451F-8DD1-ACFBCB4D90AB}
	EndGlobalSection
EndGlobal
